
Microsoft Visual Studio Solution File, Format Version 12.00
# Visual Studio Version 16
VisualStudioVersion = 16.0.30621.155
MinimumVisualStudioVersion = 10.0.40219.1
Project("{9A19103F-16F7-4668-BE54-9A1E7A4F7556}") = "FISCOBCOS.CSharpSdk", "Src\FISCOBCOS.CSharpSdk\FISCOBCOS.CSharpSdk.csproj", "{E65D9EAC-E71B-495E-8562-56731D0F73E4}"
EndProject
Project("{9A19103F-16F7-4668-BE54-9A1E7A4F7556}") = "FISCOBCOS.CSharpSdk.Test", "Src\FISCOBCOS.CSharpSdk.Test\FISCOBCOS.CSharpSdk.Test.csproj", "{F6E685ED-B41F-4BFE-881E-83C30B9575BE}"
EndProject
Project("{9A19103F-16F7-4668-BE54-9A1E7A4F7556}") = "ConsoleTest", "Src\ConsoleTest\ConsoleTest.csproj", "{9EA9ABFD-2011-4A31-8D11-1B11BC3404E1}"
EndProject
Project("{9A19103F-16F7-4668-BE54-9A1E7A4F7556}") = "RedisSubClient", "Src\RedisSubClient\RedisSubClient.csproj", "{CE0068FD-817F-4B6A-A53B-97E35BE46F78}"
EndProject
Global
	GlobalSection(SolutionConfigurationPlatforms) = preSolution
		Debug|Any CPU = Debug|Any CPU
		Release|Any CPU = Release|Any CPU
	EndGlobalSection
	GlobalSection(ProjectConfigurationPlatforms) = postSolution
		{E65D9EAC-E71B-495E-8562-56731D0F73E4}.Debug|Any CPU.ActiveCfg = Debug|Any CPU
		{E65D9EAC-E71B-495E-8562-56731D0F73E4}.Debug|Any CPU.Build.0 = Debug|Any CPU
		{E65D9EAC-E71B-495E-8562-56731D0F73E4}.Release|Any CPU.ActiveCfg = Release|Any CPU
		{E65D9EAC-E71B-495E-8562-56731D0F73E4}.Release|Any CPU.Build.0 = Release|Any CPU
		{F6E685ED-B41F-4BFE-881E-83C30B9575BE}.Debug|Any CPU.ActiveCfg = Debug|Any CPU
		{F6E685ED-B41F-4BFE-881E-83C30B9575BE}.Debug|Any CPU.Build.0 = Debug|Any CPU
		{F6E685ED-B41F-4BFE-881E-83C30B9575BE}.Release|Any CPU.ActiveCfg = Release|Any CPU
		{F6E685ED-B41F-4BFE-881E-83C30B9575BE}.Release|Any CPU.Build.0 = Release|Any CPU
		{9EA9ABFD-2011-4A31-8D11-1B11BC3404E1}.Debug|Any CPU.ActiveCfg = Debug|Any CPU
		{9EA9ABFD-2011-4A31-8D11-1B11BC3404E1}.Debug|Any CPU.Build.0 = Debug|Any CPU
		{9EA9ABFD-2011-4A31-8D11-1B11BC3404E1}.Release|Any CPU.ActiveCfg = Release|Any CPU
		{9EA9ABFD-2011-4A31-8D11-1B11BC3404E1}.Release|Any CPU.Build.0 = Release|Any CPU
		{CE0068FD-817F-4B6A-A53B-97E35BE46F78}.Debug|Any CPU.ActiveCfg = Debug|Any CPU
		{CE0068FD-817F-4B6A-A53B-97E35BE46F78}.Debug|Any CPU.Build.0 = Debug|Any CPU
		{CE0068FD-817F-4B6A-A53B-97E35BE46F78}.Release|Any CPU.ActiveCfg = Release|Any CPU
		{CE0068FD-817F-4B6A-A53B-97E35BE46F78}.Release|Any CPU.Build.0 = Release|Any CPU
	EndGlobalSection
	GlobalSection(SolutionProperties) = preSolution
		HideSolutionNode = FALSE
	EndGlobalSection
	GlobalSection(ExtensibilityGlobals) = postSolution
		SolutionGuid = {A753A9AD-D3DA-41C4-BA9F-93FE406208F5}
	EndGlobalSection
EndGlobal
